// !$*UTF8*$!
{
	archiveVersion = 1;
	classes = {
	};
	objectVersion = 50;
	objects = {

/* Begin PBXBuildFile section */
		850261202221F89F005310FE /* AppDelegate.swift in Sources */ = {isa = PBXBuildFile; fileRef = 8502611F2221F89F005310FE /* AppDelegate.swift */; };
		850261252221F89F005310FE /* Main.storyboard in Resources */ = {isa = PBXBuildFile; fileRef = 850261232221F89F005310FE /* Main.storyboard */; };
		850261272221F8A1005310FE /* Assets.xcassets in Resources */ = {isa = PBXBuildFile; fileRef = 850261262221F8A1005310FE /* Assets.xcassets */; };
		8502612A2221F8A1005310FE /* LaunchScreen.storyboard in Resources */ = {isa = PBXBuildFile; fileRef = 850261282221F8A1005310FE /* LaunchScreen.storyboard */; };
		850261322221F8BD005310FE /* Post.swift in Sources */ = {isa = PBXBuildFile; fileRef = 850261312221F8BD005310FE /* Post.swift */; };
		8502613422229097005310FE /* User.swift in Sources */ = {isa = PBXBuildFile; fileRef = 8502613322229097005310FE /* User.swift */; };
		85026138222530C1005310FE /* FeedCell.swift in Sources */ = {isa = PBXBuildFile; fileRef = 85026137222530C1005310FE /* FeedCell.swift */; };
		8540A19C2226242B00C89D39 /* TableViewController.swift in Sources */ = {isa = PBXBuildFile; fileRef = 8540A19B2226242B00C89D39 /* TableViewController.swift */; };
		856A754022289836008A4DAA /* Feedv2Cell.swift in Sources */ = {isa = PBXBuildFile; fileRef = 856A753F22289836008A4DAA /* Feedv2Cell.swift */; };
/* End PBXBuildFile section */

/* Begin PBXFileReference section */
		8502611C2221F89F005310FE /* PostFeed.app */ = {isa = PBXFileReference; explicitFileType = wrapper.application; includeInIndex = 0; path = PostFeed.app; sourceTree = BUILT_PRODUCTS_DIR; };
		8502611F2221F89F005310FE /* AppDelegate.swift */ = {isa = PBXFileReference; lastKnownFileType = sourcecode.swift; path = AppDelegate.swift; sourceTree = "<group>"; };
		850261242221F89F005310FE /* Base */ = {isa = PBXFileReference; lastKnownFileType = file.storyboard; name = Base; path = Base.lproj/Main.storyboard; sourceTree = "<group>"; };
		850261262221F8A1005310FE /* Assets.xcassets */ = {isa = PBXFileReference; lastKnownFileType = folder.assetcatalog; path = Assets.xcassets; sourceTree = "<group>"; };
		850261292221F8A1005310FE /* Base */ = {isa = PBXFileReference; lastKnownFileType = file.storyboard; name = Base; path = Base.lproj/LaunchScreen.storyboard; sourceTree = "<group>"; };
		8502612B2221F8A1005310FE /* Info.plist */ = {isa = PBXFileReference; lastKnownFileType = text.plist.xml; path = Info.plist; sourceTree = "<group>"; };
		850261312221F8BD005310FE /* Post.swift */ = {isa = PBXFileReference; lastKnownFileType = sourcecode.swift; path = Post.swift; sourceTree = "<group>"; };
		8502613322229097005310FE /* User.swift */ = {isa = PBXFileReference; lastKnownFileType = sourcecode.swift; path = User.swift; sourceTree = "<group>"; };
		85026137222530C1005310FE /* FeedCell.swift */ = {isa = PBXFileReference; lastKnownFileType = sourcecode.swift; path = FeedCell.swift; sourceTree = "<group>"; };
		8540A19B2226242B00C89D39 /* TableViewController.swift */ = {isa = PBXFileReference; fileEncoding = 4; lastKnownFileType = sourcecode.swift; path = TableViewController.swift; sourceTree = "<group>"; };
		856A753F22289836008A4DAA /* Feedv2Cell.swift */ = {isa = PBXFileReference; lastKnownFileType = sourcecode.swift; path = Feedv2Cell.swift; sourceTree = "<group>"; };
/* End PBXFileReference section */

/* Begin PBXFrameworksBuildPhase section */
		850261192221F89F005310FE /* Frameworks */ = {
			isa = PBXFrameworksBuildPhase;
			buildActionMask = 2147483647;
			files = (
			);
			runOnlyForDeploymentPostprocessing = 0;
		};
/* End PBXFrameworksBuildPhase section */

/* Begin PBXGroup section */
		850261132221F89F005310FE = {
			isa = PBXGroup;
			children = (
				8502611E2221F89F005310FE /* PostFeed */,
				8502611D2221F89F005310FE /* Products */,
			);
			sourceTree = "<group>";
		};
		8502611D2221F89F005310FE /* Products */ = {
			isa = PBXGroup;
			children = (
				8502611C2221F89F005310FE /* PostFeed.app */,
			);
			name = Products;
			sourceTree = "<group>";
		};
		8502611E2221F89F005310FE /* PostFeed */ = {
			isa = PBXGroup;
			children = (
				8515A6922226288500552799 /* Model */,
				8515A6932226289D00552799 /* View */,
				8515A694222628BD00552799 /* Controller  */,
				8502611F2221F89F005310FE /* AppDelegate.swift */,
				850261232221F89F005310FE /* Main.storyboard */,
				850261282221F8A1005310FE /* LaunchScreen.storyboard */,
				850261262221F8A1005310FE /* Assets.xcassets */,
				8502612B2221F8A1005310FE /* Info.plist */,
			);
			path = PostFeed;
			sourceTree = "<group>";
		};
		8515A6922226288500552799 /* Model */ = {
			isa = PBXGroup;
			children = (
				850261312221F8BD005310FE /* Post.swift */,
				8502613322229097005310FE /* User.swift */,
			);
			path = Model;
			sourceTree = "<group>";
		};
		8515A6932226289D00552799 /* View */ = {
			isa = PBXGroup;
			children = (
				85026137222530C1005310FE /* FeedCell.swift */,
				856A753F22289836008A4DAA /* Feedv2Cell.swift */,
			);
			path = View;
			sourceTree = "<group>";
		};
		8515A694222628BD00552799 /* Controller  */ = {
			isa = PBXGroup;
			children = (
				8540A19B2226242B00C89D39 /* TableViewController.swift */,
			);
			path = "Controller ";
			sourceTree = "<group>";
		};
/* End PBXGroup section */

/* Begin PBXNativeTarget section */
		8502611B2221F89F005310FE /* PostFeed */ = {
			isa = PBXNativeTarget;
			buildConfigurationList = 8502612E2221F8A1005310FE /* Build configuration list for PBXNativeTarget "PostFeed" */;
			buildPhases = (
				850261182221F89F005310FE /* Sources */,
				850261192221F89F005310FE /* Frameworks */,
				8502611A2221F89F005310FE /* Resources */,
			);
			buildRules = (
			);
			dependencies = (
			);
			name = PostFeed;
			productName = PostFeed;
			productReference = 8502611C2221F89F005310FE /* PostFeed.app */;
			productType = "com.apple.product-type.application";
		};
/* End PBXNativeTarget section */

/* Begin PBXProject section */
		850261142221F89F005310FE /* Project object */ = {
			isa = PBXProject;
			attributes = {
				LastSwiftUpdateCheck = 1010;
				LastUpgradeCheck = 1010;
				ORGANIZATIONNAME = "Jeremiah Ayeni";
				TargetAttributes = {
					8502611B2221F89F005310FE = {
						CreatedOnToolsVersion = 10.1;
					};
				};
			};
			buildConfigurationList = 850261172221F89F005310FE /* Build configuration list for PBXProject "PostFeed" */;
			compatibilityVersion = "Xcode 9.3";
			developmentRegion = en;
			hasScannedForEncodings = 0;
			knownRegions = (
				en,
				Base,
			);
			mainGroup = 850261132221F89F005310FE;
			productRefGroup = 8502611D2221F89F005310FE /* Products */;
			projectDirPath = "";
			projectRoot = "";
			targets = (
				8502611B2221F89F005310FE /* PostFeed */,
			);
		};
/* End PBXProject section */

/* Begin PBXResourcesBuildPhase section */
		8502611A2221F89F005310FE /* Resources */ = {
			isa = PBXResourcesBuildPhase;
			buildActionMask = 2147483647;
			files = (
				8502612A2221F8A1005310FE /* LaunchScreen.storyboard in Resources */,
				850261272221F8A1005310FE /* Assets.xcassets in Resources */,
				850261252221F89F005310FE /* Main.storyboard in Resources */,
			);
			runOnlyForDeploymentPostprocessing = 0;
		};
/* End PBXResourcesBuildPhase section */

/* Begin PBXSourcesBuildPhase section */
		850261182221F89F005310FE /* Sources */ = {
			isa = PBXSourcesBuildPhase;
			buildActionMask = 2147483647;
			files = (
				8502613422229097005310FE /* User.swift in Sources */,
				850261322221F8BD005310FE /* Post.swift in Sources */,
				850261202221F89F005310FE /* AppDelegate.swift in Sources */,
				8540A19C2226242B00C89D39 /* TableViewController.swift in Sources */,
				85026138222530C1005310FE /* FeedCell.swift in Sources */,
				856A754022289836008A4DAA /* Feedv2Cell.swift in Sources */,
			);
			runOnlyForDeploymentPostprocessing = 0;
		};
/* End PBXSourcesBuildPhase section */

/* Begin PBXVariantGroup section */
		850261232221F89F005310FE /* Main.storyboard */ = {
			isa = PBXVariantGroup;
			children = (
				850261242221F89F005310FE /* Base */,
			);
			name = Main.storyboard;
			sourceTree = "<group>";
		};
		850261282221F8A1005310FE /* LaunchScreen.storyboard */ = {
			isa = PBXVariantGroup;
			children = (
				850261292221F8A1005310FE /* Base */,
			);
			name = LaunchScreen.storyboard;
			sourceTree = "<group>";
		};
/* End PBXVariantGroup section */

/* Begin XCBuildConfiguration section */
		8502612C2221F8A1005310FE /* Debug */ = {
			isa = XCBuildConfiguration;
			buildSettings = {
				ALWAYS_SEARCH_USER_PATHS = NO;
				CLANG_ANALYZER_NONNULL = YES;
				CLANG_ANALYZER_NUMBER_OBJECT_CONVERSION = YES_AGGRESSIVE;
				CLANG_CXX_LANGUAGE_STANDARD = "gnu++14";
				CLANG_CXX_LIBRARY = "libc++";
				CLANG_ENABLE_MODULES = YES;
				CLANG_ENABLE_OBJC_ARC = YES;
				CLANG_ENABLE_OBJC_WEAK = YES;
				CLANG_WARN_BLOCK_CAPTURE_AUTORELEASING = YES;
				CLANG_WARN_BOOL_CONVERSION = YES;
				CLANG_WARN_COMMA = YES;
				CLANG_WARN_CONSTANT_CONVERSION = YES;
				CLANG_WARN_DEPRECATED_OBJC_IMPLEMENTATIONS = YES;
				CLANG_WARN_DIRECT_OBJC_ISA_USAGE = YES_ERROR;
				CLANG_WARN_DOCUMENTATION_COMMENTS = YES;
				CLANG_WARN_EMPTY_BODY = YES;
				CLANG_WARN_ENUM_CONVERSION = YES;
				CLANG_WARN_INFINITE_RECURSION = YES;
				CLANG_WARN_INT_CONVERSION = YES;
				CLANG_WARN_NON_LITERAL_NULL_CONVERSION = YES;
				CLANG_WARN_OBJC_IMPLICIT_RETAIN_SELF = YES;
				CLANG_WARN_OBJC_LITERAL_CONVERSION = YES;
				CLANG_WARN_OBJC_ROOT_CLASS = YES_ERROR;
				CLANG_WARN_RANGE_LOOP_ANALYSIS = YES;
				CLANG_WARN_STRICT_PROTOTYPES = YES;
				CLANG_WARN_SUSPICIOUS_MOVE = YES;
				CLANG_WARN_UNGUARDED_AVAILABILITY = YES_AGGRESSIVE;
				CLANG_WARN_UNREACHABLE_CODE = YES;
				CLANG_WARN__DUPLICATE_METHOD_MATCH = YES;
				CODE_SIGN_IDENTITY = "iPhone Developer";
				COPY_PHASE_STRIP = NO;
				DEBUG_INFORMATION_FORMAT = dwarf;
				ENABLE_STRICT_OBJC_MSGSEND = YES;
				ENABLE_TESTABILITY = YES;
				GCC_C_LANGUAGE_STANDARD = gnu11;
				GCC_DYNAMIC_NO_PIC = NO;
				GCC_NO_COMMON_BLOCKS = YES;
				GCC_OPTIMIZATION_LEVEL = 0;
				GCC_PREPROCESSOR_DEFINITIONS = (
					"DEBUG=1",
					"$(inherited)",
				);
				GCC_WARN_64_TO_32_BIT_CONVERSION = YES;
				GCC_WARN_ABOUT_RETURN_TYPE = YES_ERROR;
				GCC_WARN_UNDECLARED_SELECTOR = YES;
				GCC_WARN_UNINITIALIZED_AUTOS = YES_AGGRESSIVE;
				GCC_WARN_UNUSED_FUNCTION = YES;
				GCC_WARN_UNUSED_VARIABLE = YES;
				IPHONEOS_DEPLOYMENT_TARGET = 12.1;
				MTL_ENABLE_DEBUG_INFO = INCLUDE_SOURCE;
				MTL_FAST_MATH = YES;
				ONLY_ACTIVE_ARCH = YES;
				SDKROOT = iphoneos;
				SWIFT_ACTIVE_COMPILATION_CONDITIONS = DEBUG;
				SWIFT_OPTIMIZATION_LEVEL = "-Onone";
			};
			name = Debug;
		};
		8502612D2221F8A1005310FE /* Release */ = {
			isa = XCBuildConfiguration;
			buildSettings = {
				ALWAYS_SEARCH_USER_PATHS = NO;
				CLANG_ANALYZER_NONNULL = YES;
				CLANG_ANALYZER_NUMBER_OBJECT_CONVERSION = YES_AGGRESSIVE;
				CLANG_CXX_LANGUAGE_STANDARD = "gnu++14";
				CLANG_CXX_LIBRARY = "libc++";
				CLANG_ENABLE_MODULES = YES;
				CLANG_ENABLE_OBJC_ARC = YES;
				CLANG_ENABLE_OBJC_WEAK = YES;
				CLANG_WARN_BLOCK_CAPTURE_AUTORELEASING = YES;
				CLANG_WARN_BOOL_CONVERSION = YES;
				CLANG_WARN_COMMA = YES;
				CLANG_WARN_CONSTANT_CONVERSION = YES;
				CLANG_WARN_DEPRECATED_OBJC_IMPLEMENTATIONS = YES;
				CLANG_WARN_DIRECT_OBJC_ISA_USAGE = YES_ERROR;
				CLANG_WARN_DOCUMENTATION_COMMENTS = YES;
				CLANG_WARN_EMPTY_BODY = YES;
				CLANG_WARN_ENUM_CONVERSION = YES;
				CLANG_WARN_INFINITE_RECURSION = YES;
				CLANG_WARN_INT_CONVERSION = YES;
				CLANG_WARN_NON_LITERAL_NULL_CONVERSION = YES;
				CLANG_WARN_OBJC_IMPLICIT_RETAIN_SELF = YES;
				CLANG_WARN_OBJC_LITERAL_CONVERSION = YES;
				CLANG_WARN_OBJC_ROOT_CLASS = YES_ERROR;
				CLANG_WARN_RANGE_LOOP_ANALYSIS = YES;
				CLANG_WARN_STRICT_PROTOTYPES = YES;
				CLANG_WARN_SUSPICIOUS_MOVE = YES;
				CLANG_WARN_UNGUARDED_AVAILABILITY = YES_AGGRESSIVE;
				CLANG_WARN_UNREACHABLE_CODE = YES;
				CLANG_WARN__DUPLICATE_METHOD_MATCH = YES;
				CODE_SIGN_IDENTITY = "iPhone Developer";
				COPY_PHASE_STRIP = NO;
				DEBUG_INFORMATION_FORMAT = "dwarf-with-dsym";
				ENABLE_NS_ASSERTIONS = NO;
				ENABLE_STRICT_OBJC_MSGSEND = YES;
				GCC_C_LANGUAGE_STANDARD = gnu11;
				GCC_NO_COMMON_BLOCKS = YES;
				GCC_WARN_64_TO_32_BIT_CONVERSION = YES;
				GCC_WARN_ABOUT_RETURN_TYPE = YES_ERROR;
				GCC_WARN_UNDECLARED_SELECTOR = YES;
				GCC_WARN_UNINITIALIZED_AUTOS = YES_AGGRESSIVE;
				GCC_WARN_UNUSED_FUNCTION = YES;
				GCC_WARN_UNUSED_VARIABLE = YES;
				IPHONEOS_DEPLOYMENT_TARGET = 12.1;
				MTL_ENABLE_DEBUG_INFO = NO;
				MTL_FAST_MATH = YES;
				SDKROOT = iphoneos;
				SWIFT_COMPILATION_MODE = wholemodule;
				SWIFT_OPTIMIZATION_LEVEL = "-O";
				VALIDATE_PRODUCT = YES;
			};
			name = Release;
		};
		8502612F2221F8A1005310FE /* Debug */ = {
			isa = XCBuildConfiguration;
			buildSettings = {
				ASSETCATALOG_COMPILER_APPICON_NAME = AppIcon;
				CODE_SIGN_STYLE = Automatic;
				INFOPLIST_FILE = PostFeed/Info.plist;
				LD_RUNPATH_SEARCH_PATHS = (
					"$(inherited)",
					"@executable_path/Frameworks",
				);
				PRODUCT_BUNDLE_IDENTIFIER = cpp.PostFeed;
				PRODUCT_NAME = "$(TARGET_NAME)";
				SWIFT_VERSION = 4.2;
				TARGETED_DEVICE_FAMILY = "1,2";
			};
			name = Debug;
		};
		850261302221F8A1005310FE /* Release */ = {
			isa = XCBuildConfiguration;
			buildSettings = {
				ASSETCATALOG_COMPILER_APPICON_NAME = AppIcon;
				CODE_SIGN_STYLE = Automatic;
				INFOPLIST_FILE = PostFeed/Info.plist;
				LD_RUNPATH_SEARCH_PATHS = (
					"$(inherited)",
					"@executable_path/Frameworks",
				);
				PRODUCT_BUNDLE_IDENTIFIER = cpp.PostFeed;
				PRODUCT_NAME = "$(TARGET_NAME)";
				SWIFT_VERSION = 4.2;
				TARGETED_DEVICE_FAMILY = "1,2";
			};
			name = Release;
		};
/* End XCBuildConfiguration section */

/* Begin XCConfigurationList section */
		850261172221F89F005310FE /* Build configuration list for PBXProject "PostFeed" */ = {
			isa = XCConfigurationList;
			buildConfigurations = (
				8502612C2221F8A1005310FE /* Debug */,
				8502612D2221F8A1005310FE /* Release */,
			);
			defaultConfigurationIsVisible = 0;
			defaultConfigurationName = Release;
		};
		8502612E2221F8A1005310FE /* Build configuration list for PBXNativeTarget "PostFeed" */ = {
			isa = XCConfigurationList;
			buildConfigurations = (
				8502612F2221F8A1005310FE /* Debug */,
				850261302221F8A1005310FE /* Release */,
			);
			defaultConfigurationIsVisible = 0;
			defaultConfigurationName = Release;
		};
/* End XCConfigurationList section */
	};
	rootObject = 850261142221F89F005310FE /* Project object */;
}
